// !$*UTF8*$!
{
	archiveVersion = 1;
	classes = {
	};
	objectVersion = 55;
	objects = {

/* Begin PBXBuildFile section */
		7F8C449A28055544006DD75A /* AppDelegate.swift in Sources */ = {isa = PBXBuildFile; fileRef = 7F8C449928055544006DD75A /* AppDelegate.swift */; };
		7F8C449C28055544006DD75A /* SceneDelegate.swift in Sources */ = {isa = PBXBuildFile; fileRef = 7F8C449B28055544006DD75A /* SceneDelegate.swift */; };
		7F8C449E28055544006DD75A /* LottieViewController.swift in Sources */ = {isa = PBXBuildFile; fileRef = 7F8C449D28055544006DD75A /* LottieViewController.swift */; };
		7F8C44A128055544006DD75A /* Main.storyboard in Resources */ = {isa = PBXBuildFile; fileRef = 7F8C449F28055544006DD75A /* Main.storyboard */; };
		7F8C44A328055545006DD75A /* Assets.xcassets in Resources */ = {isa = PBXBuildFile; fileRef = 7F8C44A228055545006DD75A /* Assets.xcassets */; };
		7F8C44A628055545006DD75A /* LaunchScreen.storyboard in Resources */ = {isa = PBXBuildFile; fileRef = 7F8C44A428055545006DD75A /* LaunchScreen.storyboard */; };
		7F8C44AE28055AE3006DD75A /* MP4ViewController.swift in Sources */ = {isa = PBXBuildFile; fileRef = 7F8C44AD28055AE3006DD75A /* MP4ViewController.swift */; };
		7F8C44B028055AEE006DD75A /* GIFViewController.swift in Sources */ = {isa = PBXBuildFile; fileRef = 7F8C44AF28055AEE006DD75A /* GIFViewController.swift */; };
/* End PBXBuildFile section */

/* Begin PBXFileReference section */
		7F8C449628055544006DD75A /* AnimationFormats.app */ = {isa = PBXFileReference; explicitFileType = wrapper.application; includeInIndex = 0; path = AnimationFormats.app; sourceTree = BUILT_PRODUCTS_DIR; };
		7F8C449928055544006DD75A /* AppDelegate.swift */ = {isa = PBXFileReference; lastKnownFileType = sourcecode.swift; path = AppDelegate.swift; sourceTree = "<group>"; };
		7F8C449B28055544006DD75A /* SceneDelegate.swift */ = {isa = PBXFileReference; lastKnownFileType = sourcecode.swift; path = SceneDelegate.swift; sourceTree = "<group>"; };
		7F8C449D28055544006DD75A /* LottieViewController.swift */ = {isa = PBXFileReference; lastKnownFileType = sourcecode.swift; path = LottieViewController.swift; sourceTree = "<group>"; };
		7F8C44A028055544006DD75A /* Base */ = {isa = PBXFileReference; lastKnownFileType = file.storyboard; name = Base; path = Base.lproj/Main.storyboard; sourceTree = "<group>"; };
		7F8C44A228055545006DD75A /* Assets.xcassets */ = {isa = PBXFileReference; lastKnownFileType = folder.assetcatalog; path = Assets.xcassets; sourceTree = "<group>"; };
		7F8C44A528055545006DD75A /* Base */ = {isa = PBXFileReference; lastKnownFileType = file.storyboard; name = Base; path = Base.lproj/LaunchScreen.storyboard; sourceTree = "<group>"; };
		7F8C44A728055545006DD75A /* Info.plist */ = {isa = PBXFileReference; lastKnownFileType = text.plist.xml; path = Info.plist; sourceTree = "<group>"; };
		7F8C44AD28055AE3006DD75A /* MP4ViewController.swift */ = {isa = PBXFileReference; lastKnownFileType = sourcecode.swift; path = MP4ViewController.swift; sourceTree = "<group>"; };
		7F8C44AF28055AEE006DD75A /* GIFViewController.swift */ = {isa = PBXFileReference; lastKnownFileType = sourcecode.swift; path = GIFViewController.swift; sourceTree = "<group>"; };
/* End PBXFileReference section */

/* Begin PBXFrameworksBuildPhase section */
		7F8C449328055544006DD75A /* Frameworks */ = {
			isa = PBXFrameworksBuildPhase;
			buildActionMask = 2147483647;
			files = (
			);
			runOnlyForDeploymentPostprocessing = 0;
		};
/* End PBXFrameworksBuildPhase section */

/* Begin PBXGroup section */
		7F8C448D28055544006DD75A = {
			isa = PBXGroup;
			children = (
				7F8C449828055544006DD75A /* AnimationFormats */,
				7F8C449728055544006DD75A /* Products */,
			);
			sourceTree = "<group>";
		};
		7F8C449728055544006DD75A /* Products */ = {
			isa = PBXGroup;
			children = (
				7F8C449628055544006DD75A /* AnimationFormats.app */,
			);
			name = Products;
			sourceTree = "<group>";
		};
		7F8C449828055544006DD75A /* AnimationFormats */ = {
			isa = PBXGroup;
			children = (
				7F8C449928055544006DD75A /* AppDelegate.swift */,
				7F8C449B28055544006DD75A /* SceneDelegate.swift */,
				7F8C449D28055544006DD75A /* LottieViewController.swift */,
				7F8C44AD28055AE3006DD75A /* MP4ViewController.swift */,
				7F8C44AF28055AEE006DD75A /* GIFViewController.swift */,
				7F8C449F28055544006DD75A /* Main.storyboard */,
				7F8C44A428055545006DD75A /* LaunchScreen.storyboard */,
				7F8C44A228055545006DD75A /* Assets.xcassets */,
				7F8C44A728055545006DD75A /* Info.plist */,
			);
			path = AnimationFormats;
			sourceTree = "<group>";
		};
/* End PBXGroup section */

/* Begin PBXNativeTarget section */
		7F8C449528055544006DD75A /* AnimationFormats */ = {
			isa = PBXNativeTarget;
			buildConfigurationList = 7F8C44AA28055545006DD75A /* Build configuration list for PBXNativeTarget "AnimationFormats" */;
			buildPhases = (
				7F8C449228055544006DD75A /* Sources */,
				7F8C449328055544006DD75A /* Frameworks */,
				7F8C449428055544006DD75A /* Resources */,
			);
			buildRules = (
			);
			dependencies = (
			);
			name = AnimationFormats;
			productName = AnimationFormats;
			productReference = 7F8C449628055544006DD75A /* AnimationFormats.app */;
			productType = "com.apple.product-type.application";
		};
/* End PBXNativeTarget section */

/* Begin PBXProject section */
		7F8C448E28055544006DD75A /* Project object */ = {
			isa = PBXProject;
			attributes = {
				BuildIndependentTargetsInParallel = 1;
				LastSwiftUpdateCheck = 1330;
				LastUpgradeCheck = 1330;
				TargetAttributes = {
					7F8C449528055544006DD75A = {
						CreatedOnToolsVersion = 13.3;
					};
				};
			};
			buildConfigurationList = 7F8C449128055544006DD75A /* Build configuration list for PBXProject "AnimationFormats" */;
			compatibilityVersion = "Xcode 13.0";
			developmentRegion = en;
			hasScannedForEncodings = 0;
			knownRegions = (
				en,
				Base,
			);
			mainGroup = 7F8C448D28055544006DD75A;
			productRefGroup = 7F8C449728055544006DD75A /* Products */;
			projectDirPath = "";
			projectRoot = "";
			targets = (
				7F8C449528055544006DD75A /* AnimationFormats */,
			);
		};
/* End PBXProject section */

/* Begin PBXResourcesBuildPhase section */
		7F8C449428055544006DD75A /* Resources */ = {
			isa = PBXResourcesBuildPhase;
			buildActionMask = 2147483647;
			files = (
				7F8C44A628055545006DD75A /* LaunchScreen.storyboard in Resources */,
				7F8C44A328055545006DD75A /* Assets.xcassets in Resources */,
				7F8C44A128055544006DD75A /* Main.storyboard in Resources */,
			);
			runOnlyForDeploymentPostprocessing = 0;
		};
/* End PBXResourcesBuildPhase section */

/* Begin PBXSourcesBuildPhase section */
		7F8C449228055544006DD75A /* Sources */ = {
			isa = PBXSourcesBuildPhase;
			buildActionMask = 2147483647;
			files = (
				7F8C44B028055AEE006DD75A /* GIFViewController.swift in Sources */,
				7F8C449E28055544006DD75A /* LottieViewController.swift in Sources */,
				7F8C449A28055544006DD75A /* AppDelegate.swift in Sources */,
				7F8C44AE28055AE3006DD75A /* MP4ViewController.swift in Sources */,
				7F8C449C28055544006DD75A /* SceneDelegate.swift in Sources */,
			);
			runOnlyForDeploymentPostprocessing = 0;
		};
/* End PBXSourcesBuildPhase section */

/* Begin PBXVariantGroup section */
		7F8C449F28055544006DD75A /* Main.storyboard */ = {
			isa = PBXVariantGroup;
			children = (
				7F8C44A028055544006DD75A /* Base */,
			);
			name = Main.storyboard;
			sourceTree = "<group>";
		};
		7F8C44A428055545006DD75A /* LaunchScreen.storyboard */ = {
			isa = PBXVariantGroup;
			children = (
				7F8C44A528055545006DD75A /* Base */,
			);
			name = LaunchScreen.storyboard;
			sourceTree = "<group>";
		};
/* End PBXVariantGroup section */

/* Begin XCBuildConfiguration section */
		7F8C44A828055545006DD75A /* Debug */ = {
			isa = XCBuildConfiguration;
			buildSettings = {
				ALWAYS_SEARCH_USER_PATHS = NO;
				CLANG_ANALYZER_NONNULL = YES;
				CLANG_ANALYZER_NUMBER_OBJECT_CONVERSION = YES_AGGRESSIVE;
				CLANG_CXX_LANGUAGE_STANDARD = "gnu++17";
				CLANG_ENABLE_MODULES = YES;
				CLANG_ENABLE_OBJC_ARC = YES;
				CLANG_ENABLE_OBJC_WEAK = YES;
				CLANG_WARN_BLOCK_CAPTURE_AUTORELEASING = YES;
				CLANG_WARN_BOOL_CONVERSION = YES;
				CLANG_WARN_COMMA = YES;
				CLANG_WARN_CONSTANT_CONVERSION = YES;
				CLANG_WARN_DEPRECATED_OBJC_IMPLEMENTATIONS = YES;
				CLANG_WARN_DIRECT_OBJC_ISA_USAGE = YES_ERROR;
				CLANG_WARN_DOCUMENTATION_COMMENTS = YES;
				CLANG_WARN_EMPTY_BODY = YES;
				CLANG_WARN_ENUM_CONVERSION = YES;
				CLANG_WARN_INFINITE_RECURSION = YES;
				CLANG_WARN_INT_CONVERSION = YES;
				CLANG_WARN_NON_LITERAL_NULL_CONVERSION = YES;
				CLANG_WARN_OBJC_IMPLICIT_RETAIN_SELF = YES;
				CLANG_WARN_OBJC_LITERAL_CONVERSION = YES;
				CLANG_WARN_OBJC_ROOT_CLASS = YES_ERROR;
				CLANG_WARN_QUOTED_INCLUDE_IN_FRAMEWORK_HEADER = YES;
				CLANG_WARN_RANGE_LOOP_ANALYSIS = YES;
				CLANG_WARN_STRICT_PROTOTYPES = YES;
				CLANG_WARN_SUSPICIOUS_MOVE = YES;
				CLANG_WARN_UNGUARDED_AVAILABILITY = YES_AGGRESSIVE;
				CLANG_WARN_UNREACHABLE_CODE = YES;
				CLANG_WARN__DUPLICATE_METHOD_MATCH = YES;
				COPY_PHASE_STRIP = NO;
				DEBUG_INFORMATION_FORMAT = dwarf;
				ENABLE_STRICT_OBJC_MSGSEND = YES;
				ENABLE_TESTABILITY = YES;
				GCC_C_LANGUAGE_STANDARD = gnu11;
				GCC_DYNAMIC_NO_PIC = NO;
				GCC_NO_COMMON_BLOCKS = YES;
				GCC_OPTIMIZATION_LEVEL = 0;
				GCC_PREPROCESSOR_DEFINITIONS = (
					"DEBUG=1",
					"$(inherited)",
				);
				GCC_WARN_64_TO_32_BIT_CONVERSION = YES;
				GCC_WARN_ABOUT_RETURN_TYPE = YES_ERROR;
				GCC_WARN_UNDECLARED_SELECTOR = YES;
				GCC_WARN_UNINITIALIZED_AUTOS = YES_AGGRESSIVE;
				GCC_WARN_UNUSED_FUNCTION = YES;
				GCC_WARN_UNUSED_VARIABLE = YES;
				IPHONEOS_DEPLOYMENT_TARGET = 15.4;
				MTL_ENABLE_DEBUG_INFO = INCLUDE_SOURCE;
				MTL_FAST_MATH = YES;
				ONLY_ACTIVE_ARCH = YES;
				SDKROOT = iphoneos;
				SWIFT_ACTIVE_COMPILATION_CONDITIONS = DEBUG;
				SWIFT_OPTIMIZATION_LEVEL = "-Onone";
			};
			name = Debug;
		};
		7F8C44A928055545006DD75A /* Release */ = {
			isa = XCBuildConfiguration;
			buildSettings = {
				ALWAYS_SEARCH_USER_PATHS = NO;
				CLANG_ANALYZER_NONNULL = YES;
				CLANG_ANALYZER_NUMBER_OBJECT_CONVERSION = YES_AGGRESSIVE;
				CLANG_CXX_LANGUAGE_STANDARD = "gnu++17";
				CLANG_ENABLE_MODULES = YES;
				CLANG_ENABLE_OBJC_ARC = YES;
				CLANG_ENABLE_OBJC_WEAK = YES;
				CLANG_WARN_BLOCK_CAPTURE_AUTORELEASING = YES;
				CLANG_WARN_BOOL_CONVERSION = YES;
				CLANG_WARN_COMMA = YES;
				CLANG_WARN_CONSTANT_CONVERSION = YES;
				CLANG_WARN_DEPRECATED_OBJC_IMPLEMENTATIONS = YES;
				CLANG_WARN_DIRECT_OBJC_ISA_USAGE = YES_ERROR;
				CLANG_WARN_DOCUMENTATION_COMMENTS = YES;
				CLANG_WARN_EMPTY_BODY = YES;
				CLANG_WARN_ENUM_CONVERSION = YES;
				CLANG_WARN_INFINITE_RECURSION = YES;
				CLANG_WARN_INT_CONVERSION = YES;
				CLANG_WARN_NON_LITERAL_NULL_CONVERSION = YES;
				CLANG_WARN_OBJC_IMPLICIT_RETAIN_SELF = YES;
				CLANG_WARN_OBJC_LITERAL_CONVERSION = YES;
				CLANG_WARN_OBJC_ROOT_CLASS = YES_ERROR;
				CLANG_WARN_QUOTED_INCLUDE_IN_FRAMEWORK_HEADER = YES;
				CLANG_WARN_RANGE_LOOP_ANALYSIS = YES;
				CLANG_WARN_STRICT_PROTOTYPES = YES;
				CLANG_WARN_SUSPICIOUS_MOVE = YES;
				CLANG_WARN_UNGUARDED_AVAILABILITY = YES_AGGRESSIVE;
				CLANG_WARN_UNREACHABLE_CODE = YES;
				CLANG_WARN__DUPLICATE_METHOD_MATCH = YES;
				COPY_PHASE_STRIP = NO;
				DEBUG_INFORMATION_FORMAT = "dwarf-with-dsym";
				ENABLE_NS_ASSERTIONS = NO;
				ENABLE_STRICT_OBJC_MSGSEND = YES;
				GCC_C_LANGUAGE_STANDARD = gnu11;
				GCC_NO_COMMON_BLOCKS = YES;
				GCC_WARN_64_TO_32_BIT_CONVERSION = YES;
				GCC_WARN_ABOUT_RETURN_TYPE = YES_ERROR;
				GCC_WARN_UNDECLARED_SELECTOR = YES;
				GCC_WARN_UNINITIALIZED_AUTOS = YES_AGGRESSIVE;
				GCC_WARN_UNUSED_FUNCTION = YES;
				GCC_WARN_UNUSED_VARIABLE = YES;
				IPHONEOS_DEPLOYMENT_TARGET = 15.4;
				MTL_ENABLE_DEBUG_INFO = NO;
				MTL_FAST_MATH = YES;
				SDKROOT = iphoneos;
				SWIFT_COMPILATION_MODE = wholemodule;
				SWIFT_OPTIMIZATION_LEVEL = "-O";
				VALIDATE_PRODUCT = YES;
			};
			name = Release;
		};
		7F8C44AB28055545006DD75A /* Debug */ = {
			isa = XCBuildConfiguration;
			buildSettings = {
				ASSETCATALOG_COMPILER_APPICON_NAME = AppIcon;
				ASSETCATALOG_COMPILER_GLOBAL_ACCENT_COLOR_NAME = AccentColor;
				CODE_SIGN_STYLE = Automatic;
				CURRENT_PROJECT_VERSION = 1;
				DEVELOPMENT_TEAM = DG4KJUCBGL;
				GENERATE_INFOPLIST_FILE = YES;
				INFOPLIST_FILE = AnimationFormats/Info.plist;
				INFOPLIST_KEY_UIApplicationSupportsIndirectInputEvents = YES;
				INFOPLIST_KEY_UILaunchStoryboardName = LaunchScreen;
				INFOPLIST_KEY_UIMainStoryboardFile = Main;
				INFOPLIST_KEY_UISupportedInterfaceOrientations_iPad = "UIInterfaceOrientationPortrait UIInterfaceOrientationPortraitUpsideDown UIInterfaceOrientationLandscapeLeft UIInterfaceOrientationLandscapeRight";
				INFOPLIST_KEY_UISupportedInterfaceOrientations_iPhone = "UIInterfaceOrientationPortrait UIInterfaceOrientationLandscapeLeft UIInterfaceOrientationLandscapeRight";
				LD_RUNPATH_SEARCH_PATHS = (
					"$(inherited)",
					"@executable_path/Frameworks",
				);
				MARKETING_VERSION = 1.0;
				PRODUCT_BUNDLE_IDENTIFIER = "sejal.khanna-onebanc.ai.AnimationFormats";
				PRODUCT_NAME = "$(TARGET_NAME)";
				SWIFT_EMIT_LOC_STRINGS = YES;
				SWIFT_VERSION = 5.0;
				TARGETED_DEVICE_FAMILY = "1,2";
			};
			name = Debug;
		};
		7F8C44AC28055545006DD75A /* Release */ = {
			isa = XCBuildConfiguration;
			buildSettings = {
				ASSETCATALOG_COMPILER_APPICON_NAME = AppIcon;
				ASSETCATALOG_COMPILER_GLOBAL_ACCENT_COLOR_NAME = AccentColor;
				CODE_SIGN_STYLE = Automatic;
				CURRENT_PROJECT_VERSION = 1;
				DEVELOPMENT_TEAM = DG4KJUCBGL;
				GENERATE_INFOPLIST_FILE = YES;
				INFOPLIST_FILE = AnimationFormats/Info.plist;
				INFOPLIST_KEY_UIApplicationSupportsIndirectInputEvents = YES;
				INFOPLIST_KEY_UILaunchStoryboardName = LaunchScreen;
				INFOPLIST_KEY_UIMainStoryboardFile = Main;
				INFOPLIST_KEY_UISupportedInterfaceOrientations_iPad = "UIInterfaceOrientationPortrait UIInterfaceOrientationPortraitUpsideDown UIInterfaceOrientationLandscapeLeft UIInterfaceOrientationLandscapeRight";
				INFOPLIST_KEY_UISupportedInterfaceOrientations_iPhone = "UIInterfaceOrientationPortrait UIInterfaceOrientationLandscapeLeft UIInterfaceOrientationLandscapeRight";
				LD_RUNPATH_SEARCH_PATHS = (
					"$(inherited)",
					"@executable_path/Frameworks",
				);
				MARKETING_VERSION = 1.0;
				PRODUCT_BUNDLE_IDENTIFIER = "sejal.khanna-onebanc.ai.AnimationFormats";
				PRODUCT_NAME = "$(TARGET_NAME)";
				SWIFT_EMIT_LOC_STRINGS = YES;
				SWIFT_VERSION = 5.0;
				TARGETED_DEVICE_FAMILY = "1,2";
			};
			name = Release;
		};
/* End XCBuildConfiguration section */

/* Begin XCConfigurationList section */
		7F8C449128055544006DD75A /* Build configuration list for PBXProject "AnimationFormats" */ = {
			isa = XCConfigurationList;
			buildConfigurations = (
				7F8C44A828055545006DD75A /* Debug */,
				7F8C44A928055545006DD75A /* Release */,
			);
			defaultConfigurationIsVisible = 0;
			defaultConfigurationName = Release;
		};
		7F8C44AA28055545006DD75A /* Build configuration list for PBXNativeTarget "AnimationFormats" */ = {
			isa = XCConfigurationList;
			buildConfigurations = (
				7F8C44AB28055545006DD75A /* Debug */,
				7F8C44AC28055545006DD75A /* Release */,
			);
			defaultConfigurationIsVisible = 0;
			defaultConfigurationName = Release;
		};
/* End XCConfigurationList section */
	};
	rootObject = 7F8C448E28055544006DD75A /* Project object */;
}
